
Microsoft Visual Studio Solution File, Format Version 12.00
# Visual Studio Version 17
VisualStudioVersion = 17.4.33403.182
MinimumVisualStudioVersion = 10.0.40219.1
Project("{FAE04EC0-301F-11D3-BF4B-00C04F79EFBC}") = "CodeFive", "CodeFive.csproj", "{822A0F0A-1BA8-4BED-9D5A-B7AAEAD0D64E}"
EndProject
Global
	GlobalSection(SolutionConfigurationPlatforms) = preSolution
		Debug|Any CPU = Debug|Any CPU
		Release|Any CPU = Release|Any CPU
	EndGlobalSection
	GlobalSection(ProjectConfigurationPlatforms) = postSolution
		{822A0F0A-1BA8-4BED-9D5A-B7AAEAD0D64E}.Debug|Any CPU.ActiveCfg = Debug|Any CPU
		{822A0F0A-1BA8-4BED-9D5A-B7AAEAD0D64E}.Debug|Any CPU.Build.0 = Debug|Any CPU
		{822A0F0A-1BA8-4BED-9D5A-B7AAEAD0D64E}.Release|Any CPU.ActiveCfg = Release|Any CPU
		{822A0F0A-1BA8-4BED-9D5A-B7AAEAD0D64E}.Release|Any CPU.Build.0 = Release|Any CPU
	EndGlobalSection
	GlobalSection(SolutionProperties) = preSolution
		HideSolutionNode = FALSE
	EndGlobalSection
	GlobalSection(ExtensibilityGlobals) = postSolution
		SolutionGuid = {C0968ACA-6935-4B7C-88C7-1C587C1F599D}
	EndGlobalSection
EndGlobal
